
Microsoft Visual Studio Solution File, Format Version 12.00
# Visual Studio Version 16
VisualStudioVersion = 16.0.30717.126
MinimumVisualStudioVersion = 10.0.40219.1
Project("{FAE04EC0-301F-11D3-BF4B-00C04F79EFBC}") = "CompositeDesignPatternExercise", "CompositeDesignPatternExercise\CompositeDesignPatternExercise.csproj", "{826DB936-40A1-43A0-B41E-86D51A096D7E}"
EndProject
Global
	GlobalSection(SolutionConfigurationPlatforms) = preSolution
		Debug|Any CPU = Debug|Any CPU
		Release|Any CPU = Release|Any CPU
	EndGlobalSection
	GlobalSection(ProjectConfigurationPlatforms) = postSolution
		{826DB936-40A1-43A0-B41E-86D51A096D7E}.Debug|Any CPU.ActiveCfg = Debug|Any CPU
		{826DB936-40A1-43A0-B41E-86D51A096D7E}.Debug|Any CPU.Build.0 = Debug|Any CPU
		{826DB936-40A1-43A0-B41E-86D51A096D7E}.Release|Any CPU.ActiveCfg = Release|Any CPU
		{826DB936-40A1-43A0-B41E-86D51A096D7E}.Release|Any CPU.Build.0 = Release|Any CPU
	EndGlobalSection
	GlobalSection(SolutionProperties) = preSolution
		HideSolutionNode = FALSE
	EndGlobalSection
	GlobalSection(ExtensibilityGlobals) = postSolution
		SolutionGuid = {17B42A67-D652-4581-8136-1A1ED95B9C6A}
	EndGlobalSection
EndGlobal
